
Microsoft Visual Studio Solution File, Format Version 12.00
# Visual Studio Version 17
VisualStudioVersion = 17.5.33530.505
MinimumVisualStudioVersion = 10.0.40219.1
Project("{FAE04EC0-301F-11D3-BF4B-00C04F79EFBC}") = "Organism Population Predictor", "Organism Population Predictor.csproj", "{30EC93D1-8493-4AD9-9179-8C99C3CC0D76}"
EndProject
Global
	GlobalSection(SolutionConfigurationPlatforms) = preSolution
		Debug|Any CPU = Debug|Any CPU
		Release|Any CPU = Release|Any CPU
	EndGlobalSection
	GlobalSection(ProjectConfigurationPlatforms) = postSolution
		{30EC93D1-8493-4AD9-9179-8C99C3CC0D76}.Debug|Any CPU.ActiveCfg = Debug|Any CPU
		{30EC93D1-8493-4AD9-9179-8C99C3CC0D76}.Debug|Any CPU.Build.0 = Debug|Any CPU
		{30EC93D1-8493-4AD9-9179-8C99C3CC0D76}.Release|Any CPU.ActiveCfg = Release|Any CPU
		{30EC93D1-8493-4AD9-9179-8C99C3CC0D76}.Release|Any CPU.Build.0 = Release|Any CPU
	EndGlobalSection
	GlobalSection(SolutionProperties) = preSolution
		HideSolutionNode = FALSE
	EndGlobalSection
	GlobalSection(ExtensibilityGlobals) = postSolution
		SolutionGuid = {EF74C7C8-C628-4A9B-9555-F05BB959636A}
	EndGlobalSection
EndGlobal
